
Microsoft Visual Studio Solution File, Format Version 10.00
# Visual Studio 2008
Project("{FAE04EC0-301F-11D3-BF4B-00C04F79EFBC}") = "CompactMessageBoxControl", "WinCEUtility\CompactMessageBoxControl.csproj", "{20F07BD9-E230-41F9-9A7C-995E7A2AADBF}"
EndProject
Project("{FAE04EC0-301F-11D3-BF4B-00C04F79EFBC}") = "TestProject", "TestProject\TestProject.csproj", "{EDA5DAB5-B65A-48D0-BA12-4CD2F05A0074}"
EndProject
Global
	GlobalSection(SolutionConfigurationPlatforms) = preSolution
		Debug|Any CPU = Debug|Any CPU
		Release|Any CPU = Release|Any CPU
	EndGlobalSection
	GlobalSection(ProjectConfigurationPlatforms) = postSolution
		{20F07BD9-E230-41F9-9A7C-995E7A2AADBF}.Debug|Any CPU.ActiveCfg = Debug|Any CPU
		{20F07BD9-E230-41F9-9A7C-995E7A2AADBF}.Debug|Any CPU.Build.0 = Debug|Any CPU
		{20F07BD9-E230-41F9-9A7C-995E7A2AADBF}.Release|Any CPU.ActiveCfg = Release|Any CPU
		{20F07BD9-E230-41F9-9A7C-995E7A2AADBF}.Release|Any CPU.Build.0 = Release|Any CPU
		{EDA5DAB5-B65A-48D0-BA12-4CD2F05A0074}.Debug|Any CPU.ActiveCfg = Debug|Any CPU
		{EDA5DAB5-B65A-48D0-BA12-4CD2F05A0074}.Debug|Any CPU.Build.0 = Debug|Any CPU
		{EDA5DAB5-B65A-48D0-BA12-4CD2F05A0074}.Debug|Any CPU.Deploy.0 = Debug|Any CPU
		{EDA5DAB5-B65A-48D0-BA12-4CD2F05A0074}.Release|Any CPU.ActiveCfg = Release|Any CPU
		{EDA5DAB5-B65A-48D0-BA12-4CD2F05A0074}.Release|Any CPU.Build.0 = Release|Any CPU
		{EDA5DAB5-B65A-48D0-BA12-4CD2F05A0074}.Release|Any CPU.Deploy.0 = Release|Any CPU
	EndGlobalSection
	GlobalSection(SolutionProperties) = preSolution
		HideSolutionNode = FALSE
	EndGlobalSection
EndGlobal
